
Microsoft Visual Studio Solution File, Format Version 12.00
# Visual Studio Version 17
VisualStudioVersion = 17.7.34009.444
MinimumVisualStudioVersion = 10.0.40219.1
Project("{FAE04EC0-301F-11D3-BF4B-00C04F79EFBC}") = "WebAPiCaching", "WebAPiCaching.csproj", "{172717E1-7E12-4093-8C52-011456F4872D}"
EndProject
Global
	GlobalSection(SolutionConfigurationPlatforms) = preSolution
		Debug|Any CPU = Debug|Any CPU
		Release|Any CPU = Release|Any CPU
	EndGlobalSection
	GlobalSection(ProjectConfigurationPlatforms) = postSolution
		{172717E1-7E12-4093-8C52-011456F4872D}.Debug|Any CPU.ActiveCfg = Debug|Any CPU
		{172717E1-7E12-4093-8C52-011456F4872D}.Debug|Any CPU.Build.0 = Debug|Any CPU
		{172717E1-7E12-4093-8C52-011456F4872D}.Release|Any CPU.ActiveCfg = Release|Any CPU
		{172717E1-7E12-4093-8C52-011456F4872D}.Release|Any CPU.Build.0 = Release|Any CPU
	EndGlobalSection
	GlobalSection(SolutionProperties) = preSolution
		HideSolutionNode = FALSE
	EndGlobalSection
	GlobalSection(ExtensibilityGlobals) = postSolution
		SolutionGuid = {185E7782-F60D-4428-BE48-253CC7A394B0}
	EndGlobalSection
EndGlobal
